#MicroXplorer Configuration settings - do not modify
ADC1.Channel-2\#ChannelRegularConversion=ADC_CHANNEL_9
ADC1.ConversionDataManagement=ADC_CONVERSIONDATA_DR
ADC1.ExternalTrigConv=ADC_SOFTWARE_START
ADC1.IPParameters=Rank-2\#ChannelRegularConversion,master,Channel-2\#ChannelRegularConversion,SamplingTime-2\#ChannelRegularConversion,OffsetNumber-2\#ChannelRegularConversion,OffsetSignedSaturation-2\#ChannelRegularConversion,NbrOfConversionFlag,ExternalTrigConv,ConversionDataManagement
ADC1.NbrOfConversionFlag=1
ADC1.OffsetNumber-2\#ChannelRegularConversion=ADC_OFFSET_NONE
ADC1.OffsetSignedSaturation-2\#ChannelRegularConversion=DISABLE
ADC1.Rank-2\#ChannelRegularConversion=1
ADC1.SamplingTime-2\#ChannelRegularConversion=ADC_SAMPLETIME_16CYCLES_5
ADC1.master=1
CORTEX_M7.AccessPermission-Cortex_Memory_Protection_Unit_Region0_Settings=MPU_REGION_NO_ACCESS
CORTEX_M7.AccessPermission-Cortex_Memory_Protection_Unit_Region1_Settings=MPU_REGION_FULL_ACCESS
CORTEX_M7.AccessPermission-Cortex_Memory_Protection_Unit_Region2_Settings=MPU_REGION_FULL_ACCESS
CORTEX_M7.BaseAddress-Cortex_Memory_Protection_Unit_Region0_Settings=0x0
CORTEX_M7.BaseAddress-Cortex_Memory_Protection_Unit_Region1_Settings=0x30000000
CORTEX_M7.BaseAddress-Cortex_Memory_Protection_Unit_Region2_Settings=0x30004000
CORTEX_M7.CPU_DCache=Enabled
CORTEX_M7.DisableExec-Cortex_Memory_Protection_Unit_Region0_Settings=MPU_INSTRUCTION_ACCESS_DISABLE
CORTEX_M7.Enable-Cortex_Memory_Protection_Unit_Region0_Settings=MPU_REGION_ENABLE
CORTEX_M7.Enable-Cortex_Memory_Protection_Unit_Region1_Settings=MPU_REGION_ENABLE
CORTEX_M7.Enable-Cortex_Memory_Protection_Unit_Region2_Settings=MPU_REGION_ENABLE
CORTEX_M7.IPParameters=CPU_DCache,MPU_Control,Enable-Cortex_Memory_Protection_Unit_Region0_Settings,BaseAddress-Cortex_Memory_Protection_Unit_Region0_Settings,Size-Cortex_Memory_Protection_Unit_Region0_Settings,AccessPermission-Cortex_Memory_Protection_Unit_Region0_Settings,IsBufferable-Cortex_Memory_Protection_Unit_Region0_Settings,Enable-Cortex_Memory_Protection_Unit_Region1_Settings,BaseAddress-Cortex_Memory_Protection_Unit_Region1_Settings,Size-Cortex_Memory_Protection_Unit_Region1_Settings,AccessPermission-Cortex_Memory_Protection_Unit_Region1_Settings,IsShareable-Cortex_Memory_Protection_Unit_Region1_Settings,TypeExtField-Cortex_Memory_Protection_Unit_Region1_Settings,SubRegionDisable-Cortex_Memory_Protection_Unit_Region0_Settings,Enable-Cortex_Memory_Protection_Unit_Region2_Settings,BaseAddress-Cortex_Memory_Protection_Unit_Region2_Settings,Size-Cortex_Memory_Protection_Unit_Region2_Settings,AccessPermission-Cortex_Memory_Protection_Unit_Region2_Settings,IsShareable-Cortex_Memory_Protection_Unit_Region2_Settings,TypeExtField-Cortex_Memory_Protection_Unit_Region2_Settings,IsBufferable-Cortex_Memory_Protection_Unit_Region1_Settings,IsShareable-Cortex_Memory_Protection_Unit_Region0_Settings,DisableExec-Cortex_Memory_Protection_Unit_Region0_Settings
CORTEX_M7.IsBufferable-Cortex_Memory_Protection_Unit_Region0_Settings=MPU_ACCESS_NOT_BUFFERABLE
CORTEX_M7.IsBufferable-Cortex_Memory_Protection_Unit_Region1_Settings=MPU_ACCESS_BUFFERABLE
CORTEX_M7.IsShareable-Cortex_Memory_Protection_Unit_Region0_Settings=MPU_ACCESS_SHAREABLE
CORTEX_M7.IsShareable-Cortex_Memory_Protection_Unit_Region1_Settings=MPU_ACCESS_NOT_SHAREABLE
CORTEX_M7.IsShareable-Cortex_Memory_Protection_Unit_Region2_Settings=MPU_ACCESS_SHAREABLE
CORTEX_M7.MPU_Control=MPU_PRIVILEGED_DEFAULT
CORTEX_M7.Size-Cortex_Memory_Protection_Unit_Region0_Settings=MPU_REGION_SIZE_4GB
CORTEX_M7.Size-Cortex_Memory_Protection_Unit_Region1_Settings=MPU_REGION_SIZE_1KB
CORTEX_M7.Size-Cortex_Memory_Protection_Unit_Region2_Settings=MPU_REGION_SIZE_16KB
CORTEX_M7.SubRegionDisable-Cortex_Memory_Protection_Unit_Region0_Settings=0x87
CORTEX_M7.TypeExtField-Cortex_Memory_Protection_Unit_Region1_Settings=MPU_TEX_LEVEL0
CORTEX_M7.TypeExtField-Cortex_Memory_Protection_Unit_Region2_Settings=MPU_TEX_LEVEL1
ETH.IPParameters=MediaInterface,RxBuffAddress
ETH.MediaInterface=HAL_ETH_RMII_MODE
ETH.RxBuffAddress=0x30000400
FDCAN1.DataPrescaler=2
FDCAN1.DataSyncJumpWidth=3
FDCAN1.DataTimeSeg1=14
FDCAN1.DataTimeSeg2=3
FDCAN1.ExtFiltersNbr=1
FDCAN1.FrameFormat=FDCAN_FRAME_FD_BRS
FDCAN1.IPParameters=FrameFormat,NominalPrescaler,NominalSyncJumpWidth,NominalTimeSeg1,NominalTimeSeg2,DataPrescaler,DataSyncJumpWidth,DataTimeSeg1,DataTimeSeg2,RxFifo0ElmtsNbr,StdFiltersNbr,ExtFiltersNbr,RxBuffersNbr,TxEventsNbr,TxBuffersNbr,TxFifoQueueElmtsNbr,RxFifo0ElmtSize,TxElmtSize
FDCAN1.NominalPrescaler=4
FDCAN1.NominalSyncJumpWidth=3
FDCAN1.NominalTimeSeg1=14
FDCAN1.NominalTimeSeg2=3
FDCAN1.RxBuffersNbr=8
FDCAN1.RxFifo0ElmtSize=FDCAN_DATA_BYTES_64
FDCAN1.RxFifo0ElmtsNbr=8
FDCAN1.StdFiltersNbr=1
FDCAN1.TxBuffersNbr=8
FDCAN1.TxElmtSize=FDCAN_DATA_BYTES_64
FDCAN1.TxEventsNbr=8
FDCAN1.TxFifoQueueElmtsNbr=8
FDCAN3.DataPrescaler=2
FDCAN3.DataSyncJumpWidth=3
FDCAN3.DataTimeSeg1=14
FDCAN3.DataTimeSeg2=3
FDCAN3.ExtFiltersNbr=1
FDCAN3.FrameFormat=FDCAN_FRAME_FD_BRS
FDCAN3.IPParameters=NominalPrescaler,NominalSyncJumpWidth,NominalTimeSeg1,NominalTimeSeg2,DataPrescaler,DataSyncJumpWidth,DataTimeSeg1,DataTimeSeg2,FrameFormat,TxEventsNbr,TxBuffersNbr,TxFifoQueueElmtsNbr,RxBuffersNbr,RxFifo0ElmtsNbr,ExtFiltersNbr,StdFiltersNbr
FDCAN3.NominalPrescaler=4
FDCAN3.NominalSyncJumpWidth=3
FDCAN3.NominalTimeSeg1=14
FDCAN3.NominalTimeSeg2=3
FDCAN3.RxBuffersNbr=8
FDCAN3.RxFifo0ElmtsNbr=8
FDCAN3.StdFiltersNbr=1
FDCAN3.TxBuffersNbr=8
FDCAN3.TxEventsNbr=8
FDCAN3.TxFifoQueueElmtsNbr=8
FREERTOS.FootprintOK=true
FREERTOS.HEAP_NUMBER=2
FREERTOS.IPParameters=Tasks01,configMINIMAL_STACK_SIZE,Queues01,FootprintOK,HEAP_NUMBER,configTOTAL_HEAP_SIZE,configUSE_NEWLIB_REENTRANT,configQUEUE_REGISTRY_SIZE,configCHECK_FOR_STACK_OVERFLOW
FREERTOS.Queues01=UsbRxQueue,4,GenericMessageType,0,Dynamic,NULL,NULL;TcpTxQueue,4,GenericMessageType,0,Dynamic,NULL,NULL
FREERTOS.Tasks01=defaultTask,24,256,StartDefaultTask,Default,NULL,Dynamic,NULL,NULL;usbProtocolTask,24,1024,UsbProtocolTask,As external,NULL,Dynamic,NULL,NULL
FREERTOS.configCHECK_FOR_STACK_OVERFLOW=0
FREERTOS.configMINIMAL_STACK_SIZE=128
FREERTOS.configQUEUE_REGISTRY_SIZE=8
FREERTOS.configTOTAL_HEAP_SIZE=65536
FREERTOS.configUSE_NEWLIB_REENTRANT=1
File.Version=6
GPIO.groupedBy=Group By Peripherals
KeepUserPlacement=false
LWIP.BSP.number=1
LWIP.DEFAULT_THREAD_STACKSIZE=1024
LWIP.IPParameters=LWIP_RAM_HEAP_POINTER,LWIP_DHCP,IP_ADDRESS,NETMASK_ADDRESS,LWIP_SOCKET,LWIP_MULTICAST_TX_OPTIONS,LWIP_IGMP,MEMP_NUM_NETBUF,LWIP_TCPIP_TIMEOUT,LWIP_SO_RCVTIMEO,MEMP_NUM_NETCONN,MEMP_NUM_TCPIP_MSG_API,MEMP_NUM_TCP_PCB_LISTEN,MEMP_NUM_SELECT_CB,MEMP_NUM_SYS_TIMEOUT,MEMP_NUM_RAW_PCB,DEFAULT_THREAD_STACKSIZE,SLIPIF_THREAD_STACKSIZE,TCPIP_THREAD_STACKSIZE,LWIP_HTTPD,LWIP_TCP_KEEPALIVE,MEMP_NUM_TCP_PCB,TCP_DEBUG,MEM_DEBUG,MEMP_DEBUG,SYS_DEBUG,TCP_OUTPUT_DEBUG,LWIP_DBG_TYPES_ON
LWIP.IP_ADDRESS=192.168.001.100
LWIP.LWIP_DBG_TYPES_ON=LWIP_DBG_ON
LWIP.LWIP_DHCP=0
LWIP.LWIP_HTTPD=0
LWIP.LWIP_IGMP=1
LWIP.LWIP_MULTICAST_TX_OPTIONS=1
LWIP.LWIP_RAM_HEAP_POINTER=0x30004000
LWIP.LWIP_SOCKET=0
LWIP.LWIP_SO_RCVTIMEO=1
LWIP.LWIP_TCPIP_TIMEOUT=1
LWIP.LWIP_TCP_KEEPALIVE=1
LWIP.MEMP_DEBUG=LWIP_DBG_OFF
LWIP.MEMP_NUM_NETBUF=8
LWIP.MEMP_NUM_NETCONN=10
LWIP.MEMP_NUM_RAW_PCB=4
LWIP.MEMP_NUM_SELECT_CB=4
LWIP.MEMP_NUM_SYS_TIMEOUT=4
LWIP.MEMP_NUM_TCPIP_MSG_API=8
LWIP.MEMP_NUM_TCP_PCB=6
LWIP.MEMP_NUM_TCP_PCB_LISTEN=8
LWIP.MEM_DEBUG=LWIP_DBG_OFF
LWIP.NETMASK_ADDRESS=255.255.255.000
LWIP.SLIPIF_THREAD_STACKSIZE=1024
LWIP.SYS_DEBUG=LWIP_DBG_OFF
LWIP.TCPIP_THREAD_STACKSIZE=1536
LWIP.TCP_DEBUG=LWIP_DBG_OFF
LWIP.TCP_OUTPUT_DEBUG=LWIP_DBG_OFF
LWIP.Version=v2.1.2_Cube
LWIP0.BSP.STBoard=false
LWIP0.BSP.api=BSP_COMPONENT_DRIVER
LWIP0.BSP.component=LAN8742
LWIP0.BSP.condition=
LWIP0.BSP.i2caddr=0
LWIP0.BSP.i2creg=
LWIP0.BSP.instance=LAN8742
LWIP0.BSP.ip=
LWIP0.BSP.mode=
LWIP0.BSP.name=Driver_PHY
LWIP0.BSP.semaphore=
LWIP0.BSP.solution=LAN8742
Mcu.CPN=STM32H735VGT6
Mcu.Family=STM32H7
Mcu.IP0=ADC1
Mcu.IP1=CORTEX_M7
Mcu.IP10=SPI2
Mcu.IP11=SYS
Mcu.IP12=TIM7
Mcu.IP13=TIM13
Mcu.IP14=TIM14
Mcu.IP15=TIM16
Mcu.IP16=UART5
Mcu.IP17=USART3
Mcu.IP18=USB_DEVICE
Mcu.IP19=USB_OTG_HS
Mcu.IP2=DEBUG
Mcu.IP20=VREFBUF
Mcu.IP3=ETH
Mcu.IP4=FDCAN1
Mcu.IP5=FDCAN3
Mcu.IP6=FREERTOS
Mcu.IP7=LWIP
Mcu.IP8=NVIC
Mcu.IP9=RCC
Mcu.IPNb=21
Mcu.Name=STM32H735VGTx
Mcu.Package=LQFP100
Mcu.Pin0=PE2
Mcu.Pin1=PE4
Mcu.Pin10=PC2_C
Mcu.Pin11=PC3_C
Mcu.Pin12=VREF+
Mcu.Pin13=PA0
Mcu.Pin14=PA1
Mcu.Pin15=PA2
Mcu.Pin16=PA3
Mcu.Pin17=PA4
Mcu.Pin18=PA7
Mcu.Pin19=PC4
Mcu.Pin2=PE5
Mcu.Pin20=PC5
Mcu.Pin21=PB0
Mcu.Pin22=PB1
Mcu.Pin23=PE7
Mcu.Pin24=PE8
Mcu.Pin25=PB10
Mcu.Pin26=PB11
Mcu.Pin27=PB12
Mcu.Pin28=PB13
Mcu.Pin29=PB14
Mcu.Pin3=PC13
Mcu.Pin30=PB15
Mcu.Pin31=PD8
Mcu.Pin32=PD9
Mcu.Pin33=PD10
Mcu.Pin34=PD11
Mcu.Pin35=PD12
Mcu.Pin36=PD13
Mcu.Pin37=PD14
Mcu.Pin38=PC6
Mcu.Pin39=PA9
Mcu.Pin4=PC14-OSC32_IN
Mcu.Pin40=PA10
Mcu.Pin41=PA11
Mcu.Pin42=PA12
Mcu.Pin43=PA13(JTMS/SWDIO)
Mcu.Pin44=PA14(JTCK/SWCLK)
Mcu.Pin45=PA15(JTDI)
Mcu.Pin46=PC12
Mcu.Pin47=PD0
Mcu.Pin48=PD1
Mcu.Pin49=PD2
Mcu.Pin5=PC15-OSC32_OUT
Mcu.Pin50=PD5
Mcu.Pin51=PB3(JTDO/TRACESWO)
Mcu.Pin52=PB6
Mcu.Pin53=PB7
Mcu.Pin54=PB8
Mcu.Pin55=PB9
Mcu.Pin56=VP_FREERTOS_VS_CMSIS_V2
Mcu.Pin57=VP_LWIP_VS_Enabled
Mcu.Pin58=VP_SYS_VS_tim6
Mcu.Pin59=VP_TIM7_VS_ClockSourceINT
Mcu.Pin6=PH0-OSC_IN
Mcu.Pin60=VP_TIM13_VS_ClockSourceINT
Mcu.Pin61=VP_TIM14_VS_ClockSourceINT
Mcu.Pin62=VP_TIM16_VS_ClockSourceINT
Mcu.Pin63=VP_USB_DEVICE_VS_USB_DEVICE_CDC_HS
Mcu.Pin7=PH1-OSC_OUT
Mcu.Pin8=PC0
Mcu.Pin9=PC1
Mcu.PinsNb=64
Mcu.ThirdPartyNb=0
Mcu.UserConstants=
Mcu.UserName=STM32H735VGTx
MxCube.Version=6.5.0
MxDb.Version=DB.6.0.50
NVIC.ADC_IRQn=true\:5\:0\:false\:false\:true\:true\:true\:true\:true
NVIC.BusFault_IRQn=true\:0\:0\:false\:false\:true\:false\:false\:false\:true
NVIC.DebugMonitor_IRQn=true\:0\:0\:false\:false\:true\:false\:false\:false\:true
NVIC.ETH_IRQn=true\:5\:0\:false\:false\:true\:true\:true\:true\:true
NVIC.ETH_WKUP_IRQn=true\:5\:0\:false\:false\:true\:true\:true\:true\:true
NVIC.FDCAN1_IT0_IRQn=true\:5\:0\:false\:false\:true\:true\:true\:true\:true
NVIC.FDCAN1_IT1_IRQn=true\:5\:0\:false\:false\:true\:true\:true\:true\:true
NVIC.FDCAN3_IT0_IRQn=true\:5\:0\:false\:false\:true\:true\:true\:true\:true
NVIC.FDCAN3_IT1_IRQn=true\:5\:0\:false\:false\:true\:true\:true\:true\:true
NVIC.ForceEnableDMAVector=true
NVIC.HardFault_IRQn=true\:0\:0\:false\:false\:true\:false\:false\:false\:true
NVIC.MemoryManagement_IRQn=true\:0\:0\:false\:false\:true\:false\:false\:false\:true
NVIC.NonMaskableInt_IRQn=true\:0\:0\:false\:false\:true\:false\:false\:false\:true
NVIC.OTG_HS_IRQn=true\:6\:0\:true\:false\:true\:true\:true\:true\:true
NVIC.PendSV_IRQn=true\:15\:0\:false\:false\:false\:true\:false\:false\:true
NVIC.PriorityGroup=NVIC_PRIORITYGROUP_4
NVIC.SVCall_IRQn=true\:0\:0\:false\:false\:false\:false\:false\:false\:true
NVIC.SavedPendsvIrqHandlerGenerated=true
NVIC.SavedSvcallIrqHandlerGenerated=true
NVIC.SavedSystickIrqHandlerGenerated=true
NVIC.SysTick_IRQn=true\:15\:0\:false\:false\:false\:true\:false\:true\:true
NVIC.TIM16_IRQn=true\:5\:0\:false\:false\:true\:true\:true\:true\:true
NVIC.TIM6_DAC_IRQn=true\:15\:0\:false\:false\:true\:false\:false\:true\:true
NVIC.TIM7_IRQn=true\:5\:0\:false\:false\:true\:true\:true\:true\:true
NVIC.TIM8_TRG_COM_TIM14_IRQn=true\:5\:0\:false\:false\:true\:true\:true\:true\:true
NVIC.TIM8_UP_TIM13_IRQn=true\:5\:0\:false\:false\:true\:true\:true\:true\:true
NVIC.TimeBase=TIM6_DAC_IRQn
NVIC.TimeBaseIP=TIM6
NVIC.UART5_IRQn=true\:5\:0\:false\:false\:true\:false\:true\:true\:true
NVIC.USART3_IRQn=true\:5\:0\:false\:false\:true\:true\:true\:true\:true
NVIC.UsageFault_IRQn=true\:0\:0\:false\:false\:true\:false\:false\:false\:true
PA0.GPIOParameters=GPIO_Speed,PinState,GPIO_PuPd,GPIO_Label
PA0.GPIO_Label=SPI_SD_CS
PA0.GPIO_PuPd=GPIO_PULLUP
PA0.GPIO_Speed=GPIO_SPEED_FREQ_VERY_HIGH
PA0.Locked=true
PA0.PinState=GPIO_PIN_SET
PA0.Signal=GPIO_Output
PA1.GPIOParameters=GPIO_Speed,GPIO_PuPd,GPIO_Mode
PA1.GPIO_Mode=GPIO_MODE_AF_PP
PA1.GPIO_PuPd=GPIO_NOPULL
PA1.GPIO_Speed=GPIO_SPEED_FREQ_VERY_HIGH
PA1.Mode=RMII
PA1.Signal=ETH_REF_CLK
PA10.GPIOParameters=PinState,GPIO_Label
PA10.GPIO_Label=LED_LIN_RED
PA10.Locked=true
PA10.PinState=GPIO_PIN_SET
PA10.Signal=GPIO_Output
PA11.Mode=Device_Only_FS
PA11.Signal=USB_OTG_HS_DM
PA12.Mode=Device_Only_FS
PA12.Signal=USB_OTG_HS_DP
PA13(JTMS/SWDIO).Mode=Serial_Wire
PA13(JTMS/SWDIO).Signal=DEBUG_JTMS-SWDIO
PA14(JTCK/SWCLK).Mode=Serial_Wire
PA14(JTCK/SWCLK).Signal=DEBUG_JTCK-SWCLK
PA15(JTDI).GPIOParameters=PinState,GPIO_Label
PA15(JTDI).GPIO_Label=LED_LIN_GREEN
PA15(JTDI).Locked=true
PA15(JTDI).PinState=GPIO_PIN_SET
PA15(JTDI).Signal=GPIO_Output
PA2.GPIOParameters=GPIO_Speed,GPIO_PuPd,GPIO_Mode
PA2.GPIO_Mode=GPIO_MODE_AF_PP
PA2.GPIO_PuPd=GPIO_NOPULL
PA2.GPIO_Speed=GPIO_SPEED_FREQ_VERY_HIGH
PA2.Mode=RMII
PA2.Signal=ETH_MDIO
PA3.GPIOParameters=PinState,GPIO_Label
PA3.GPIO_Label=ETH_RST
PA3.Locked=true
PA3.PinState=GPIO_PIN_SET
PA3.Signal=GPIO_Output
PA4.GPIOParameters=PinState,GPIO_Label
PA4.GPIO_Label=LED_CAN1_RED
PA4.Locked=true
PA4.PinState=GPIO_PIN_SET
PA4.Signal=GPIO_Output
PA7.GPIOParameters=GPIO_Speed,GPIO_PuPd,GPIO_Mode
PA7.GPIO_Mode=GPIO_MODE_AF_PP
PA7.GPIO_PuPd=GPIO_NOPULL
PA7.GPIO_Speed=GPIO_SPEED_FREQ_VERY_HIGH
PA7.Mode=RMII
PA7.Signal=ETH_CRS_DV
PA9.GPIOParameters=GPIO_Speed,GPIO_Label
PA9.GPIO_Label=SPI_SD_SCK
PA9.GPIO_Speed=GPIO_SPEED_FREQ_HIGH
PA9.Locked=true
PA9.Mode=Full_Duplex_Master
PA9.Signal=SPI2_SCK
PB0.GPIOParameters=GPIO_Label
PB0.GPIO_Label=MCU_AIN
PB0.Locked=true
PB0.Signal=ADCx_INP9
PB1.GPIOParameters=PinState,GPIO_Label
PB1.GPIO_Label=LED_CAN1_GREEN
PB1.Locked=true
PB1.PinState=GPIO_PIN_SET
PB1.Signal=GPIO_Output
PB10.GPIOParameters=GPIO_Label
PB10.GPIO_Label=ETH_INTRP
PB10.Locked=true
PB10.Signal=GPXTI10
PB11.GPIOParameters=GPIO_Speed,GPIO_PuPd,GPIO_Mode
PB11.GPIO_Mode=GPIO_MODE_AF_PP
PB11.GPIO_PuPd=GPIO_NOPULL
PB11.GPIO_Speed=GPIO_SPEED_FREQ_VERY_HIGH
PB11.Mode=RMII
PB11.Signal=ETH_TX_EN
PB12.GPIOParameters=GPIO_Speed,GPIO_PuPd,GPIO_Mode
PB12.GPIO_Mode=GPIO_MODE_AF_PP
PB12.GPIO_PuPd=GPIO_NOPULL
PB12.GPIO_Speed=GPIO_SPEED_FREQ_VERY_HIGH
PB12.Mode=RMII
PB12.Signal=ETH_TXD0
PB13.GPIOParameters=GPIO_Speed,GPIO_PuPd,GPIO_Mode
PB13.GPIO_Mode=GPIO_MODE_AF_PP
PB13.GPIO_PuPd=GPIO_NOPULL
PB13.GPIO_Speed=GPIO_SPEED_FREQ_VERY_HIGH
PB13.Mode=RMII
PB13.Signal=ETH_TXD1
PB14.GPIOParameters=GPIO_Label
PB14.GPIO_Label=LIN_MASTER
PB14.Locked=true
PB14.Signal=GPIO_Output
PB15.GPIOParameters=GPIO_Label
PB15.GPIO_Label=ETH_RXER
PB15.Locked=true
PB15.Signal=GPIO_Input
PB3(JTDO/TRACESWO).Locked=true
PB3(JTDO/TRACESWO).Signal=DEBUG_JTDO-SWO
PB6.GPIOParameters=PinState,GPIO_Label
PB6.GPIO_Label=LED_RS232_RED
PB6.Locked=true
PB6.PinState=GPIO_PIN_SET
PB6.Signal=GPIO_Output
PB7.GPIOParameters=PinState,GPIO_Label
PB7.GPIO_Label=LED_RS232_GREEN
PB7.Locked=true
PB7.PinState=GPIO_PIN_SET
PB7.Signal=GPIO_Output
PB8.GPIOParameters=PinState,GPIO_Label
PB8.GPIO_Label=LED_1_GREEN
PB8.Locked=true
PB8.PinState=GPIO_PIN_SET
PB8.Signal=GPIO_Output
PB9.GPIOParameters=PinState,GPIO_Label
PB9.GPIO_Label=LED_1_RED
PB9.Locked=true
PB9.PinState=GPIO_PIN_SET
PB9.Signal=GPIO_Output
PC0.GPIOParameters=GPIO_Label
PC0.GPIO_Label=SD_DETECT
PC0.Locked=true
PC0.Signal=GPIO_Input
PC1.GPIOParameters=GPIO_Speed,GPIO_PuPd,GPIO_Mode
PC1.GPIO_Mode=GPIO_MODE_AF_PP
PC1.GPIO_PuPd=GPIO_NOPULL
PC1.GPIO_Speed=GPIO_SPEED_FREQ_VERY_HIGH
PC1.Mode=RMII
PC1.Signal=ETH_MDC
PC12.GPIOParameters=GPIO_Speed
PC12.GPIO_Speed=GPIO_SPEED_FREQ_MEDIUM
PC12.Locked=true
PC12.Mode=Asynchronous
PC12.Signal=UART5_TX
PC13.GPIOParameters=GPIO_Label
PC13.GPIO_Label=DIPSW_4
PC13.Locked=true
PC13.Signal=GPIO_Input
PC14-OSC32_IN.GPIOParameters=PinState,GPIO_Label
PC14-OSC32_IN.GPIO_Label=LED_3_GREEN
PC14-OSC32_IN.Locked=true
PC14-OSC32_IN.PinState=GPIO_PIN_SET
PC14-OSC32_IN.Signal=GPIO_Output
PC15-OSC32_OUT.GPIOParameters=PinState,GPIO_Label
PC15-OSC32_OUT.GPIO_Label=LED_2_GREEN
PC15-OSC32_OUT.Locked=true
PC15-OSC32_OUT.PinState=GPIO_PIN_SET
PC15-OSC32_OUT.Signal=GPIO_Output
PC2_C.GPIOParameters=GPIO_Speed,GPIO_Label
PC2_C.GPIO_Label=SPI_SD_MISO
PC2_C.GPIO_Speed=GPIO_SPEED_FREQ_HIGH
PC2_C.Locked=true
PC2_C.Mode=Full_Duplex_Master
PC2_C.Signal=SPI2_MISO
PC3_C.GPIOParameters=GPIO_Speed,GPIO_Label
PC3_C.GPIO_Label=SPI_SD_MOSI
PC3_C.GPIO_Speed=GPIO_SPEED_FREQ_HIGH
PC3_C.Locked=true
PC3_C.Mode=Full_Duplex_Master
PC3_C.Signal=SPI2_MOSI
PC4.GPIOParameters=GPIO_Speed,GPIO_PuPd,GPIO_Mode
PC4.GPIO_Mode=GPIO_MODE_AF_PP
PC4.GPIO_PuPd=GPIO_NOPULL
PC4.GPIO_Speed=GPIO_SPEED_FREQ_VERY_HIGH
PC4.Mode=RMII
PC4.Signal=ETH_RXD0
PC5.GPIOParameters=GPIO_Speed,GPIO_PuPd,GPIO_Mode
PC5.GPIO_Mode=GPIO_MODE_AF_PP
PC5.GPIO_PuPd=GPIO_NOPULL
PC5.GPIO_Speed=GPIO_SPEED_FREQ_VERY_HIGH
PC5.Mode=RMII
PC5.Signal=ETH_RXD1
PC6.GPIOParameters=GPIO_Label
PC6.GPIO_Label=PUSH-PULL_DRIVE
PC6.Locked=true
PC6.Signal=GPIO_Output
PD0.GPIOParameters=GPIO_Speed
PD0.GPIO_Speed=GPIO_SPEED_FREQ_HIGH
PD0.Mode=FDCAN_Activate
PD0.Signal=FDCAN1_RX
PD1.GPIOParameters=GPIO_Speed
PD1.GPIO_Speed=GPIO_SPEED_FREQ_HIGH
PD1.Mode=FDCAN_Activate
PD1.Signal=FDCAN1_TX
PD10.GPIOParameters=GPIO_Label
PD10.GPIO_Label=LIN_CS
PD10.Locked=true
PD10.Signal=GPIO_Output
PD11.GPIOParameters=GPIO_Label
PD11.GPIO_Label=ADC_5V
PD11.Locked=true
PD11.Signal=GPIO_Input
PD12.GPIOParameters=GPIO_Speed
PD12.GPIO_Speed=GPIO_SPEED_FREQ_HIGH
PD12.Mode=FDCAN_Activate
PD12.Signal=FDCAN3_RX
PD13.GPIOParameters=GPIO_Speed
PD13.GPIO_Speed=GPIO_SPEED_FREQ_HIGH
PD13.Mode=FDCAN_Activate
PD13.Signal=FDCAN3_TX
PD14.GPIOParameters=PinState,GPIO_Label
PD14.GPIO_Label=CAN_STB
PD14.Locked=true
PD14.PinState=GPIO_PIN_SET
PD14.Signal=GPIO_Output
PD2.GPIOParameters=GPIO_Speed
PD2.GPIO_Speed=GPIO_SPEED_FREQ_MEDIUM
PD2.Locked=true
PD2.Mode=Asynchronous
PD2.Signal=UART5_RX
PD5.GPIOParameters=GPIO_PuPd,GPIO_Label
PD5.GPIO_Label=ETH_BOOT
PD5.GPIO_PuPd=GPIO_PULLUP
PD5.Locked=true
PD5.Signal=GPIO_Input
PD8.GPIOParameters=GPIO_Speed
PD8.GPIO_Speed=GPIO_SPEED_FREQ_MEDIUM
PD8.Mode=LIN
PD8.Signal=USART3_TX
PD9.GPIOParameters=GPIO_Speed
PD9.GPIO_Speed=GPIO_SPEED_FREQ_MEDIUM
PD9.Mode=LIN
PD9.Signal=USART3_RX
PE2.GPIOParameters=GPIO_Label
PE2.GPIO_Label=DIPSW_1
PE2.Locked=true
PE2.Signal=GPIO_Input
PE4.GPIOParameters=GPIO_Label
PE4.GPIO_Label=DIPSW_2
PE4.Locked=true
PE4.Signal=GPIO_Input
PE5.GPIOParameters=GPIO_Label
PE5.GPIO_Label=DIPSW_3
PE5.Locked=true
PE5.Signal=GPIO_Input
PE7.GPIOParameters=PinState,GPIO_Label
PE7.GPIO_Label=LED_CAN2_RED
PE7.Locked=true
PE7.PinState=GPIO_PIN_SET
PE7.Signal=GPIO_Output
PE8.GPIOParameters=PinState,GPIO_Label
PE8.GPIO_Label=LED_CAN2_GREEN
PE8.Locked=true
PE8.PinState=GPIO_PIN_SET
PE8.Signal=GPIO_Output
PH0-OSC_IN.Mode=HSE-External-Oscillator
PH0-OSC_IN.Signal=RCC_OSC_IN
PH1-OSC_OUT.Mode=HSE-External-Oscillator
PH1-OSC_OUT.Signal=RCC_OSC_OUT
PinOutPanel.RotationAngle=0
ProjectManager.AskForMigrate=true
ProjectManager.BackupPrevious=false
ProjectManager.CompilerOptimize=6
ProjectManager.ComputerToolchain=false
ProjectManager.CoupleFile=false
ProjectManager.CustomerFirmwarePackage=
ProjectManager.DefaultFWLocation=true
ProjectManager.DeletePrevious=true
ProjectManager.DeviceId=STM32H735VGTx
ProjectManager.FirmwarePackage=STM32Cube FW_H7 V1.10.0
ProjectManager.FreePins=false
ProjectManager.HalAssertFull=false
ProjectManager.HeapSize=0x200
ProjectManager.KeepUserCode=true
ProjectManager.LastFirmware=true
ProjectManager.LibraryCopy=1
ProjectManager.MainLocation=Core/Src
ProjectManager.NoMain=false
ProjectManager.PreviousToolchain=STM32CubeIDE
ProjectManager.ProjectBuild=false
ProjectManager.ProjectFileName=MACH ETH.ioc
ProjectManager.ProjectName=MACH ETH
ProjectManager.RegisterCallBack=
ProjectManager.StackSize=0x400
ProjectManager.TargetToolchain=STM32CubeIDE
ProjectManager.ToolChainLocation=
ProjectManager.UnderRoot=true
ProjectManager.functionlistsort=1-MX_GPIO_Init-GPIO-false-HAL-true,2-SystemClock_Config-RCC-false-HAL-false,3-MX_FDCAN1_Init-FDCAN1-false-HAL-true,4-MX_FDCAN3_Init-FDCAN3-false-HAL-true,5-MX_UART5_Init-UART5-false-HAL-true,6-MX_USART3_UART_Init-USART3-false-LL-true,7-MX_LWIP_Init-LWIP-false-HAL-false,8-MX_TIM7_Init-TIM7-false-LL-true,9-MX_TIM13_Init-TIM13-false-HAL-true,10-MX_USB_DEVICE_Init-USB_DEVICE-false-HAL-false,11-MX_TIM14_Init-TIM14-false-HAL-true,12-MX_TIM16_Init-TIM16-false-HAL-true,13-MX_ADC1_Init-ADC1-false-HAL-true,14-MX_SPI2_Init-SPI2-false-HAL-true,0-MX_CORTEX_M7_Init-CORTEX_M7-false-HAL-true,0-MX_VREFBUF_Init-VREFBUF-false-HAL-true
RCC.ADCFreq_Value=30000000
RCC.AHB12Freq_Value=72000000
RCC.AHB4Freq_Value=72000000
RCC.APB1Freq_Value=36000000
RCC.APB2Freq_Value=36000000
RCC.APB3Freq_Value=36000000
RCC.APB4Freq_Value=36000000
RCC.AXIClockFreq_Value=72000000
RCC.CECFreq_Value=32000
RCC.CKPERFreq_Value=64000000
RCC.CortexFreq_Value=144000000
RCC.CpuClockFreq_Value=144000000
RCC.D1CPRE=RCC_SYSCLK_DIV2
RCC.D1CPREFreq_Value=144000000
RCC.D1PPRE=RCC_APB3_DIV2
RCC.D2PPRE1=RCC_APB1_DIV2
RCC.D2PPRE2=RCC_APB2_DIV2
RCC.D3PPRE=RCC_APB4_DIV2
RCC.DFSDMACLkFreq_Value=48000000
RCC.DFSDMFreq_Value=36000000
RCC.DIVM1=4
RCC.DIVM2=4
RCC.DIVM3=4
RCC.DIVN1=96
RCC.DIVN2=40
RCC.DIVN3=48
RCC.DIVP1Freq_Value=288000000
RCC.DIVP2=8
RCC.DIVP2Freq_Value=30000000
RCC.DIVP3=1
RCC.DIVP3Freq_Value=288000000
RCC.DIVQ1=12
RCC.DIVQ1Freq_Value=48000000
RCC.DIVQ2=6
RCC.DIVQ2Freq_Value=40000000
RCC.DIVQ3=1
RCC.DIVQ3Freq_Value=288000000
RCC.DIVR1Freq_Value=288000000
RCC.DIVR2Freq_Value=120000000
RCC.DIVR3Freq_Value=144000000
RCC.EnbaleCSS=false
RCC.FDCANCLockSelection=RCC_FDCANCLKSOURCE_PLL2
RCC.FDCANFreq_Value=40000000
RCC.FLatency-AdvancedSettings=FLASH_LATENCY_2
RCC.FMCFreq_Value=72000000
RCC.FamilyName=M
RCC.HCLK3ClockFreq_Value=72000000
RCC.HCLKFreq_Value=72000000
RCC.HPRE=RCC_HCLK_DIV2
RCC.HSE_VALUE=24000000
RCC.I2C123Freq_Value=36000000
RCC.I2C4Freq_Value=36000000
RCC.IPParameters=ADCFreq_Value,AHB12Freq_Value,AHB4Freq_Value,APB1Freq_Value,APB2Freq_Value,APB3Freq_Value,APB4Freq_Value,AXIClockFreq_Value,CECFreq_Value,CKPERFreq_Value,CortexFreq_Value,CpuClockFreq_Value,D1CPRE,D1CPREFreq_Value,D1PPRE,D2PPRE1,D2PPRE2,D3PPRE,DFSDMACLkFreq_Value,DFSDMFreq_Value,DIVM1,DIVM2,DIVM3,DIVN1,DIVN2,DIVN3,DIVP1Freq_Value,DIVP2,DIVP2Freq_Value,DIVP3,DIVP3Freq_Value,DIVQ1,DIVQ1Freq_Value,DIVQ2,DIVQ2Freq_Value,DIVQ3,DIVQ3Freq_Value,DIVR1Freq_Value,DIVR2Freq_Value,DIVR3Freq_Value,EnbaleCSS,FDCANCLockSelection,FDCANFreq_Value,FLatency-AdvancedSettings,FMCFreq_Value,FamilyName,HCLK3ClockFreq_Value,HCLKFreq_Value,HPRE,HSE_VALUE,I2C123Freq_Value,I2C4Freq_Value,LPTIM1Freq_Value,LPTIM2Freq_Value,LPTIM345Freq_Value,LPUART1Freq_Value,LTDCFreq_Value,MCO1PinFreq_Value,MCO2PinFreq_Value,PLL1_VCI_Range-AdvancedSettings,PLL1_VCO_SEL-AdvancedSettings,PLL2FRACN,PLL2_VCI_Range-AdvancedSettings,PLL2_VCO_SEL-AdvancedSettings,PLL3FRACN,PLL3_VCI_Range-AdvancedSettings,PLL3_VCO_SEL-AdvancedSettings,PLLFRACN,PLLSourceVirtual,QSPIFreq_Value,RCC_MCO1Source,RCC_MCODiv1,RNGFreq_Value,RTCFreq_Value,SAI1Freq_Value,SAI4AFreq_Value,SAI4BFreq_Value,SDMMCFreq_Value,SPDIFRXFreq_Value,SPI123Freq_Value,SPI45Freq_Value,SPI6Freq_Value,SWPMI1Freq_Value,SYSCLKFreq_VALUE,SYSCLKSource,SupplySource,Tim1OutputFreq_Value,Tim2OutputFreq_Value,TraceFreq_Value,USART16Freq_Value,USART234578CLockSelection,USART234578Freq_Value,USBFreq_Value,VCO1OutputFreq_Value,VCO2OutputFreq_Value,VCO3OutputFreq_Value,VCOInput1Freq_Value,VCOInput2Freq_Value,VCOInput3Freq_Value
RCC.LPTIM1Freq_Value=36000000
RCC.LPTIM2Freq_Value=36000000
RCC.LPTIM345Freq_Value=36000000
RCC.LPUART1Freq_Value=36000000
RCC.LTDCFreq_Value=144000000
RCC.MCO1PinFreq_Value=12000000
RCC.MCO2PinFreq_Value=288000000
RCC.PLL1_VCI_Range-AdvancedSettings=RCC_PLL1VCIRANGE_1
RCC.PLL1_VCO_SEL-AdvancedSettings=RCC_PLL1VCOMEDIUM
RCC.PLL2FRACN=0
RCC.PLL2_VCI_Range-AdvancedSettings=RCC_PLL2VCIRANGE_0
RCC.PLL2_VCO_SEL-AdvancedSettings=RCC_PLL2VCOMEDIUM
RCC.PLL3FRACN=0
RCC.PLL3_VCI_Range-AdvancedSettings=RCC_PLL3VCIRANGE_3
RCC.PLL3_VCO_SEL-AdvancedSettings=RCC_PLL3VCOMEDIUM
RCC.PLLFRACN=0
RCC.PLLSourceVirtual=RCC_PLLSOURCE_HSE
RCC.QSPIFreq_Value=72000000
RCC.RCC_MCO1Source=RCC_MCO1SOURCE_HSE
RCC.RCC_MCODiv1=RCC_MCODIV_2
RCC.RNGFreq_Value=48000000
RCC.RTCFreq_Value=32000
RCC.SAI1Freq_Value=48000000
RCC.SAI4AFreq_Value=48000000
RCC.SAI4BFreq_Value=48000000
RCC.SDMMCFreq_Value=48000000
RCC.SPDIFRXFreq_Value=48000000
RCC.SPI123Freq_Value=48000000
RCC.SPI45Freq_Value=36000000
RCC.SPI6Freq_Value=36000000
RCC.SWPMI1Freq_Value=36000000
RCC.SYSCLKFreq_VALUE=288000000
RCC.SYSCLKSource=RCC_SYSCLKSOURCE_PLLCLK
RCC.SupplySource=PWR_LDO_SUPPLY
RCC.Tim1OutputFreq_Value=72000000
RCC.Tim2OutputFreq_Value=72000000
RCC.TraceFreq_Value=288000000
RCC.USART16Freq_Value=36000000
RCC.USART234578CLockSelection=RCC_USART234578CLKSOURCE_PLL2
RCC.USART234578Freq_Value=40000000
RCC.USBFreq_Value=48000000
RCC.VCO1OutputFreq_Value=576000000
RCC.VCO2OutputFreq_Value=240000000
RCC.VCO3OutputFreq_Value=288000000
RCC.VCOInput1Freq_Value=6000000
RCC.VCOInput2Freq_Value=6000000
RCC.VCOInput3Freq_Value=6000000
SH.ADCx_INP9.0=ADC1_INP9,IN9-Single-Ended
SH.ADCx_INP9.ConfNb=1
SH.GPXTI10.0=GPIO_EXTI10
SH.GPXTI10.ConfNb=1
SPI2.CalculateBaudRate=24.0 MBits/s
SPI2.Direction=SPI_DIRECTION_2LINES
SPI2.IPParameters=VirtualType,Mode,Direction,CalculateBaudRate
SPI2.Mode=SPI_MODE_MASTER
SPI2.VirtualType=VM_MASTER
TIM13.AutoReloadPreload=TIM_AUTORELOAD_PRELOAD_DISABLE
TIM13.IPParameters=Prescaler,Period,AutoReloadPreload
TIM13.Period=999
TIM13.Prescaler=71
TIM14.IPParameters=Period,Prescaler
TIM14.Period=71
TIM14.Prescaler=9999
TIM16.IPParameters=Prescaler,Period
TIM16.Period=35999
TIM16.Prescaler=1
USART3.BaudRate=19200
USART3.DMADisableonRxErrorParam=ADVFEATURE_DMA_DISABLEONRXERROR
USART3.IPParameters=VirtualMode-LIN,BaudRate,DMADisableonRxErrorParam,OverrunDisableParam
USART3.OverrunDisableParam=ADVFEATURE_OVERRUN_DISABLE
USART3.VirtualMode-LIN=VM_LIN
USB_DEVICE.CLASS_NAME_HS=CDC
USB_DEVICE.IPParameters=VirtualMode,VirtualModeHS,CLASS_NAME_HS
USB_DEVICE.VirtualMode=Cdc
USB_DEVICE.VirtualModeHS=Cdc_HS
USB_OTG_HS.IPParameters=VirtualMode-Device_Only_FS
USB_OTG_HS.VirtualMode-Device_Only_FS=Device_Only_FS
VP_FREERTOS_VS_CMSIS_V2.Mode=CMSIS_V2
VP_FREERTOS_VS_CMSIS_V2.Signal=FREERTOS_VS_CMSIS_V2
VP_LWIP_VS_Enabled.Mode=Enabled
VP_LWIP_VS_Enabled.Signal=LWIP_VS_Enabled
VP_SYS_VS_tim6.Mode=TIM6
VP_SYS_VS_tim6.Signal=SYS_VS_tim6
VP_TIM13_VS_ClockSourceINT.Mode=Enable_Timer
VP_TIM13_VS_ClockSourceINT.Signal=TIM13_VS_ClockSourceINT
VP_TIM14_VS_ClockSourceINT.Mode=Enable_Timer
VP_TIM14_VS_ClockSourceINT.Signal=TIM14_VS_ClockSourceINT
VP_TIM16_VS_ClockSourceINT.Mode=Enable_Timer
VP_TIM16_VS_ClockSourceINT.Signal=TIM16_VS_ClockSourceINT
VP_TIM7_VS_ClockSourceINT.Mode=Enable_Timer
VP_TIM7_VS_ClockSourceINT.Signal=TIM7_VS_ClockSourceINT
VP_USB_DEVICE_VS_USB_DEVICE_CDC_HS.Mode=CDC_HS
VP_USB_DEVICE_VS_USB_DEVICE_CDC_HS.Signal=USB_DEVICE_VS_USB_DEVICE_CDC_HS
VREF+.Mode=InternalMode
VREF+.Signal=VREFBUF_OUT
board=custom
isbadioc=false
